Microsoft Visual Studio Solution File, Format Version 12.00
# Visual Studio Version 17
VisualStudioVersion = 17.5.2.0
MinimumVisualStudioVersion = 10.0.40219.1
Project("{2150E333-8FDC-42A3-9474-1A3956D46DE8}") = "src", "src", "{827E0CD3-B72D-47B6-A68D-7590B98EB39B}"
EndProject
Project("{2150E333-8FDC-42A3-9474-1A3956D46DE8}") = "tests", "tests", "{0AB3BF05-4346-4AA6-1389-037BE0695223}"
EndProject
Project("{FAE04EC0-301F-11D3-BF4B-00C04F79EFBC}") = "Chirp.Core", "src\Chirp.Core\Chirp.Core.csproj", "{3D3F0D9B-5067-CE60-2D55-743A222468EC}"
EndProject
Project("{FAE04EC0-301F-11D3-BF4B-00C04F79EFBC}") = "Chirp.Infrastructure", "src\Chirp.Infrastructure\Chirp.Infrastructure.csproj", "{7F716B52-E0AB-18D4-76D2-19A4BAD22546}"
EndProject
Project("{FAE04EC0-301F-11D3-BF4B-00C04F79EFBC}") = "Chirp.Web", "src\Chirp.Web\Chirp.Web.csproj", "{7F821484-D9F9-0F00-28BF-431B15169F0D}"
EndProject
Project("{FAE04EC0-301F-11D3-BF4B-00C04F79EFBC}") = "Chirp.Web.Tests", "tests\Chirp.Web.Tests\Chirp.Web.Tests.csproj", "{B5746BA7-5924-C82E-A423-838357D183A0}"
EndProject
Global
	GlobalSection(SolutionConfigurationPlatforms) = preSolution
		Debug|Any CPU = Debug|Any CPU
		Release|Any CPU = Release|Any CPU
	EndGlobalSection
	GlobalSection(ProjectConfigurationPlatforms) = postSolution
		{3D3F0D9B-5067-CE60-2D55-743A222468EC}.Debug|Any CPU.ActiveCfg = Debug|Any CPU
		{3D3F0D9B-5067-CE60-2D55-743A222468EC}.Debug|Any CPU.Build.0 = Debug|Any CPU
		{3D3F0D9B-5067-CE60-2D55-743A222468EC}.Release|Any CPU.ActiveCfg = Release|Any CPU
		{3D3F0D9B-5067-CE60-2D55-743A222468EC}.Release|Any CPU.Build.0 = Release|Any CPU
		{7F716B52-E0AB-18D4-76D2-19A4BAD22546}.Debug|Any CPU.ActiveCfg = Debug|Any CPU
		{7F716B52-E0AB-18D4-76D2-19A4BAD22546}.Debug|Any CPU.Build.0 = Debug|Any CPU
		{7F716B52-E0AB-18D4-76D2-19A4BAD22546}.Release|Any CPU.ActiveCfg = Release|Any CPU
		{7F716B52-E0AB-18D4-76D2-19A4BAD22546}.Release|Any CPU.Build.0 = Release|Any CPU
		{7F821484-D9F9-0F00-28BF-431B15169F0D}.Debug|Any CPU.ActiveCfg = Debug|Any CPU
		{7F821484-D9F9-0F00-28BF-431B15169F0D}.Debug|Any CPU.Build.0 = Debug|Any CPU
		{7F821484-D9F9-0F00-28BF-431B15169F0D}.Release|Any CPU.ActiveCfg = Release|Any CPU
		{7F821484-D9F9-0F00-28BF-431B15169F0D}.Release|Any CPU.Build.0 = Release|Any CPU
		{B5746BA7-5924-C82E-A423-838357D183A0}.Debug|Any CPU.ActiveCfg = Debug|Any CPU
		{B5746BA7-5924-C82E-A423-838357D183A0}.Debug|Any CPU.Build.0 = Debug|Any CPU
		{B5746BA7-5924-C82E-A423-838357D183A0}.Release|Any CPU.ActiveCfg = Release|Any CPU
		{B5746BA7-5924-C82E-A423-838357D183A0}.Release|Any CPU.Build.0 = Release|Any CPU
	EndGlobalSection
	GlobalSection(SolutionProperties) = preSolution
		HideSolutionNode = FALSE
	EndGlobalSection
	GlobalSection(NestedProjects) = preSolution
		{3D3F0D9B-5067-CE60-2D55-743A222468EC} = {827E0CD3-B72D-47B6-A68D-7590B98EB39B}
		{7F716B52-E0AB-18D4-76D2-19A4BAD22546} = {827E0CD3-B72D-47B6-A68D-7590B98EB39B}
		{7F821484-D9F9-0F00-28BF-431B15169F0D} = {827E0CD3-B72D-47B6-A68D-7590B98EB39B}
		{B5746BA7-5924-C82E-A423-838357D183A0} = {0AB3BF05-4346-4AA6-1389-037BE0695223}
	EndGlobalSection
	GlobalSection(ExtensibilityGlobals) = postSolution
		SolutionGuid = {7B2B9839-5C6A-474A-A66C-85F079F6536A}
	EndGlobalSection
EndGlobal
