Microsoft Visual Studio Solution File, Format Version 12.00
# Visual Studio Version 17
VisualStudioVersion = 17.5.2.0
MinimumVisualStudioVersion = 10.0.40219.1
Project("{2150E333-8FDC-42A3-9474-1A3956D46DE8}") = "src", "src", "{827E0CD3-B72D-47B6-A68D-7590B98EB39B}"
EndProject
Project("{2150E333-8FDC-42A3-9474-1A3956D46DE8}") = "test", "test", "{0C88DD14-F956-CE84-757C-A364CCF449FC}"
EndProject
Project("{FAE04EC0-301F-11D3-BF4B-00C04F79EFBC}") = "Chirp.Core", "src\Chirp.Core\Chirp.Core.csproj", "{3D3F0D9B-5067-CE60-2D55-743A222468EC}"
EndProject
Project("{FAE04EC0-301F-11D3-BF4B-00C04F79EFBC}") = "Chirp.Web", "src\Chirp.Web\Chirp.Web.csproj", "{7F821484-D9F9-0F00-28BF-431B15169F0D}"
EndProject
Project("{FAE04EC0-301F-11D3-BF4B-00C04F79EFBC}") = "Chirp.Core.Tests", "test\Chirp.Core.Tests\Chirp.Core.Tests.csproj", "{617070CF-D897-638B-8B43-42CBC3B8BACA}"
EndProject
Project("{FAE04EC0-301F-11D3-BF4B-00C04F79EFBC}") = "Chirp.Web.Tests", "test\Chirp.Web.Tests\Chirp.Web.Tests.csproj", "{193B383B-7EAD-F6A4-BA6B-D0C7307AC003}"
EndProject
Project("{2150E333-8FDC-42A3-9474-1A3956D46DE8}") = "Chirp.Infrastructure", "Chirp.Infrastructure", "{62CB5DD8-7D9D-76DC-DD6C-2987D16DEAFE}"
EndProject
Project("{FAE04EC0-301F-11D3-BF4B-00C04F79EFBC}") = "Chirp.Database", "src\Chirp.Infrastructure\Chirp.Database\Chirp.Database.csproj", "{44CD678E-C602-506D-2A42-B652F4658458}"
EndProject
Project("{FAE04EC0-301F-11D3-BF4B-00C04F79EFBC}") = "Chirp.Services", "src\Chirp.Infrastructure\Chirp.Services\Chirp.Services.csproj", "{729C7BF0-D36D-0275-55C7-C234684E7161}"
EndProject
Project("{2150E333-8FDC-42A3-9474-1A3956D46DE8}") = "Chirp.Repositories", "Chirp.Repositories", "{C031B6C7-8B5E-669A-F61E-D9C50B82B931}"
EndProject
Project("{FAE04EC0-301F-11D3-BF4B-00C04F79EFBC}") = "Chirp.AuthorRepository", "src\Chirp.Infrastructure\Chirp.Repositories\Chirp.AuthorRepository\Chirp.AuthorRepository.csproj", "{662424FE-FE05-6F77-57FD-1FA65C557B38}"
EndProject
Project("{FAE04EC0-301F-11D3-BF4B-00C04F79EFBC}") = "Chirp.CheepRepository", "src\Chirp.Infrastructure\Chirp.Repositories\Chirp.CheepRepository\Chirp.CheepRepository.csproj", "{66B84216-23E1-10A3-C216-B54D676C11C1}"
EndProject
Project("{FAE04EC0-301F-11D3-BF4B-00C04F79EFBC}") = "Chirp.FollowerRepository", "src\Chirp.Infrastructure\Chirp.Repositories\Chirp.FollowerRepository\Chirp.FollowerRepository.csproj", "{40F8DF0B-A38D-C3DA-4A41-143B7968BCD9}"
EndProject
Global
	GlobalSection(SolutionConfigurationPlatforms) = preSolution
		Debug|Any CPU = Debug|Any CPU
		Release|Any CPU = Release|Any CPU
	EndGlobalSection
	GlobalSection(ProjectConfigurationPlatforms) = postSolution
		{3D3F0D9B-5067-CE60-2D55-743A222468EC}.Debug|Any CPU.ActiveCfg = Debug|Any CPU
		{3D3F0D9B-5067-CE60-2D55-743A222468EC}.Debug|Any CPU.Build.0 = Debug|Any CPU
		{3D3F0D9B-5067-CE60-2D55-743A222468EC}.Release|Any CPU.ActiveCfg = Release|Any CPU
		{3D3F0D9B-5067-CE60-2D55-743A222468EC}.Release|Any CPU.Build.0 = Release|Any CPU
		{7F821484-D9F9-0F00-28BF-431B15169F0D}.Debug|Any CPU.ActiveCfg = Debug|Any CPU
		{7F821484-D9F9-0F00-28BF-431B15169F0D}.Debug|Any CPU.Build.0 = Debug|Any CPU
		{7F821484-D9F9-0F00-28BF-431B15169F0D}.Release|Any CPU.ActiveCfg = Release|Any CPU
		{7F821484-D9F9-0F00-28BF-431B15169F0D}.Release|Any CPU.Build.0 = Release|Any CPU
		{617070CF-D897-638B-8B43-42CBC3B8BACA}.Debug|Any CPU.ActiveCfg = Debug|Any CPU
		{617070CF-D897-638B-8B43-42CBC3B8BACA}.Debug|Any CPU.Build.0 = Debug|Any CPU
		{617070CF-D897-638B-8B43-42CBC3B8BACA}.Release|Any CPU.ActiveCfg = Release|Any CPU
		{617070CF-D897-638B-8B43-42CBC3B8BACA}.Release|Any CPU.Build.0 = Release|Any CPU
		{193B383B-7EAD-F6A4-BA6B-D0C7307AC003}.Debug|Any CPU.ActiveCfg = Debug|Any CPU
		{193B383B-7EAD-F6A4-BA6B-D0C7307AC003}.Debug|Any CPU.Build.0 = Debug|Any CPU
		{193B383B-7EAD-F6A4-BA6B-D0C7307AC003}.Release|Any CPU.ActiveCfg = Release|Any CPU
		{193B383B-7EAD-F6A4-BA6B-D0C7307AC003}.Release|Any CPU.Build.0 = Release|Any CPU
		{44CD678E-C602-506D-2A42-B652F4658458}.Debug|Any CPU.ActiveCfg = Debug|Any CPU
		{44CD678E-C602-506D-2A42-B652F4658458}.Debug|Any CPU.Build.0 = Debug|Any CPU
		{44CD678E-C602-506D-2A42-B652F4658458}.Release|Any CPU.ActiveCfg = Release|Any CPU
		{44CD678E-C602-506D-2A42-B652F4658458}.Release|Any CPU.Build.0 = Release|Any CPU
		{729C7BF0-D36D-0275-55C7-C234684E7161}.Debug|Any CPU.ActiveCfg = Debug|Any CPU
		{729C7BF0-D36D-0275-55C7-C234684E7161}.Debug|Any CPU.Build.0 = Debug|Any CPU
		{729C7BF0-D36D-0275-55C7-C234684E7161}.Release|Any CPU.ActiveCfg = Release|Any CPU
		{729C7BF0-D36D-0275-55C7-C234684E7161}.Release|Any CPU.Build.0 = Release|Any CPU
		{662424FE-FE05-6F77-57FD-1FA65C557B38}.Debug|Any CPU.ActiveCfg = Debug|Any CPU
		{662424FE-FE05-6F77-57FD-1FA65C557B38}.Debug|Any CPU.Build.0 = Debug|Any CPU
		{662424FE-FE05-6F77-57FD-1FA65C557B38}.Release|Any CPU.ActiveCfg = Release|Any CPU
		{662424FE-FE05-6F77-57FD-1FA65C557B38}.Release|Any CPU.Build.0 = Release|Any CPU
		{66B84216-23E1-10A3-C216-B54D676C11C1}.Debug|Any CPU.ActiveCfg = Debug|Any CPU
		{66B84216-23E1-10A3-C216-B54D676C11C1}.Debug|Any CPU.Build.0 = Debug|Any CPU
		{66B84216-23E1-10A3-C216-B54D676C11C1}.Release|Any CPU.ActiveCfg = Release|Any CPU
		{66B84216-23E1-10A3-C216-B54D676C11C1}.Release|Any CPU.Build.0 = Release|Any CPU
		{40F8DF0B-A38D-C3DA-4A41-143B7968BCD9}.Debug|Any CPU.ActiveCfg = Debug|Any CPU
		{40F8DF0B-A38D-C3DA-4A41-143B7968BCD9}.Debug|Any CPU.Build.0 = Debug|Any CPU
		{40F8DF0B-A38D-C3DA-4A41-143B7968BCD9}.Release|Any CPU.ActiveCfg = Release|Any CPU
		{40F8DF0B-A38D-C3DA-4A41-143B7968BCD9}.Release|Any CPU.Build.0 = Release|Any CPU
	EndGlobalSection
	GlobalSection(SolutionProperties) = preSolution
		HideSolutionNode = FALSE
	EndGlobalSection
	GlobalSection(NestedProjects) = preSolution
		{3D3F0D9B-5067-CE60-2D55-743A222468EC} = {827E0CD3-B72D-47B6-A68D-7590B98EB39B}
		{7F821484-D9F9-0F00-28BF-431B15169F0D} = {827E0CD3-B72D-47B6-A68D-7590B98EB39B}
		{617070CF-D897-638B-8B43-42CBC3B8BACA} = {0C88DD14-F956-CE84-757C-A364CCF449FC}
		{193B383B-7EAD-F6A4-BA6B-D0C7307AC003} = {0C88DD14-F956-CE84-757C-A364CCF449FC}
		{62CB5DD8-7D9D-76DC-DD6C-2987D16DEAFE} = {827E0CD3-B72D-47B6-A68D-7590B98EB39B}
		{44CD678E-C602-506D-2A42-B652F4658458} = {62CB5DD8-7D9D-76DC-DD6C-2987D16DEAFE}
		{729C7BF0-D36D-0275-55C7-C234684E7161} = {62CB5DD8-7D9D-76DC-DD6C-2987D16DEAFE}
		{C031B6C7-8B5E-669A-F61E-D9C50B82B931} = {62CB5DD8-7D9D-76DC-DD6C-2987D16DEAFE}
		{662424FE-FE05-6F77-57FD-1FA65C557B38} = {C031B6C7-8B5E-669A-F61E-D9C50B82B931}
		{66B84216-23E1-10A3-C216-B54D676C11C1} = {C031B6C7-8B5E-669A-F61E-D9C50B82B931}
		{40F8DF0B-A38D-C3DA-4A41-143B7968BCD9} = {C031B6C7-8B5E-669A-F61E-D9C50B82B931}
	EndGlobalSection
	GlobalSection(ExtensibilityGlobals) = postSolution
		SolutionGuid = {D1E4EE5F-1BC5-4BEB-98F9-A401CB9010B5}
	EndGlobalSection
EndGlobal
