Microsoft Visual Studio Solution File, Format Version 12.00
# Visual Studio Version 17
VisualStudioVersion = 17.5.2.0
MinimumVisualStudioVersion = 10.0.40219.1
Project("{2150E333-8FDC-42A3-9474-1A3956D46DE8}") = "src", "src", "{827E0CD3-B72D-47B6-A68D-7590B98EB39B}"
EndProject
Project("{2150E333-8FDC-42A3-9474-1A3956D46DE8}") = "tests", "tests", "{0AB3BF05-4346-4AA6-1389-037BE0695223}"
EndProject
Project("{FAE04EC0-301F-11D3-BF4B-00C04F79EFBC}") = "Chirp.Core", "src\Chirp.Core\Chirp.Core.csproj", "{3D3F0D9B-5067-CE60-2D55-743A222468EC}"
EndProject
Project("{FAE04EC0-301F-11D3-BF4B-00C04F79EFBC}") = "Chirp.Web", "src\Chirp.Web\Chirp.Web.csproj", "{7F821484-D9F9-0F00-28BF-431B15169F0D}"
EndProject
Project("{FAE04EC0-301F-11D3-BF4B-00C04F79EFBC}") = "Chirp.Web.Tests", "tests\Chirp.Web.Tests\Chirp.Web.Tests.csproj", "{B5746BA7-5924-C82E-A423-838357D183A0}"
EndProject
Project("{2150E333-8FDC-42A3-9474-1A3956D46DE8}") = "Chirp.Infrastructure", "Chirp.Infrastructure", "{62CB5DD8-7D9D-76DC-DD6C-2987D16DEAFE}"
EndProject
Project("{FAE04EC0-301F-11D3-BF4B-00C04F79EFBC}") = "Chirp.Database", "src\Chirp.Infrastructure\Chirp.Database\Chirp.Database.csproj", "{44CD678E-C602-506D-2A42-B652F4658458}"
EndProject
Project("{FAE04EC0-301F-11D3-BF4B-00C04F79EFBC}") = "Chirp.Services", "src\Chirp.Infrastructure\Chirp.Services\Chirp.Services.csproj", "{729C7BF0-D36D-0275-55C7-C234684E7161}"
EndProject
Project("{2150E333-8FDC-42A3-9474-1A3956D46DE8}") = "Chirp.Repositories", "Chirp.Repositories", "{4FD22FD2-277A-EF23-B367-593AFE508913}"
EndProject
Project("{FAE04EC0-301F-11D3-BF4B-00C04F79EFBC}") = "Chirp.AuthorRepository", "src\Chirp.Repositories\Chirp.AuthorRepository\Chirp.AuthorRepository.csproj", "{69CD5F45-84D7-8082-EE5B-20D12D9C147D}"
EndProject
Project("{FAE04EC0-301F-11D3-BF4B-00C04F79EFBC}") = "Chirp.CheepRepository", "src\Chirp.Repositories\Chirp.CheepRepository\Chirp.CheepRepository.csproj", "{A725517E-574B-E4CD-91F8-988EAEC7BE16}"
EndProject
Project("{FAE04EC0-301F-11D3-BF4B-00C04F79EFBC}") = "Chirp.FollowerRepository", "src\Chirp.Repositories\Chirp.FollowerRepository\Chirp.FollowerRepository.csproj", "{7A337A3B-10D5-CAA7-DA6C-F66105185E7C}"
EndProject
Global
	GlobalSection(SolutionConfigurationPlatforms) = preSolution
		Debug|Any CPU = Debug|Any CPU
		Release|Any CPU = Release|Any CPU
	EndGlobalSection
	GlobalSection(ProjectConfigurationPlatforms) = postSolution
		{3D3F0D9B-5067-CE60-2D55-743A222468EC}.Debug|Any CPU.ActiveCfg = Debug|Any CPU
		{3D3F0D9B-5067-CE60-2D55-743A222468EC}.Debug|Any CPU.Build.0 = Debug|Any CPU
		{3D3F0D9B-5067-CE60-2D55-743A222468EC}.Release|Any CPU.ActiveCfg = Release|Any CPU
		{3D3F0D9B-5067-CE60-2D55-743A222468EC}.Release|Any CPU.Build.0 = Release|Any CPU
		{7F821484-D9F9-0F00-28BF-431B15169F0D}.Debug|Any CPU.ActiveCfg = Debug|Any CPU
		{7F821484-D9F9-0F00-28BF-431B15169F0D}.Debug|Any CPU.Build.0 = Debug|Any CPU
		{7F821484-D9F9-0F00-28BF-431B15169F0D}.Release|Any CPU.ActiveCfg = Release|Any CPU
		{7F821484-D9F9-0F00-28BF-431B15169F0D}.Release|Any CPU.Build.0 = Release|Any CPU
		{B5746BA7-5924-C82E-A423-838357D183A0}.Debug|Any CPU.ActiveCfg = Debug|Any CPU
		{B5746BA7-5924-C82E-A423-838357D183A0}.Debug|Any CPU.Build.0 = Debug|Any CPU
		{B5746BA7-5924-C82E-A423-838357D183A0}.Release|Any CPU.ActiveCfg = Release|Any CPU
		{B5746BA7-5924-C82E-A423-838357D183A0}.Release|Any CPU.Build.0 = Release|Any CPU
		{44CD678E-C602-506D-2A42-B652F4658458}.Debug|Any CPU.ActiveCfg = Debug|Any CPU
		{44CD678E-C602-506D-2A42-B652F4658458}.Debug|Any CPU.Build.0 = Debug|Any CPU
		{44CD678E-C602-506D-2A42-B652F4658458}.Release|Any CPU.ActiveCfg = Release|Any CPU
		{44CD678E-C602-506D-2A42-B652F4658458}.Release|Any CPU.Build.0 = Release|Any CPU
		{729C7BF0-D36D-0275-55C7-C234684E7161}.Debug|Any CPU.ActiveCfg = Debug|Any CPU
		{729C7BF0-D36D-0275-55C7-C234684E7161}.Debug|Any CPU.Build.0 = Debug|Any CPU
		{729C7BF0-D36D-0275-55C7-C234684E7161}.Release|Any CPU.ActiveCfg = Release|Any CPU
		{729C7BF0-D36D-0275-55C7-C234684E7161}.Release|Any CPU.Build.0 = Release|Any CPU
		{69CD5F45-84D7-8082-EE5B-20D12D9C147D}.Debug|Any CPU.ActiveCfg = Debug|Any CPU
		{69CD5F45-84D7-8082-EE5B-20D12D9C147D}.Debug|Any CPU.Build.0 = Debug|Any CPU
		{69CD5F45-84D7-8082-EE5B-20D12D9C147D}.Release|Any CPU.ActiveCfg = Release|Any CPU
		{69CD5F45-84D7-8082-EE5B-20D12D9C147D}.Release|Any CPU.Build.0 = Release|Any CPU
		{A725517E-574B-E4CD-91F8-988EAEC7BE16}.Debug|Any CPU.ActiveCfg = Debug|Any CPU
		{A725517E-574B-E4CD-91F8-988EAEC7BE16}.Debug|Any CPU.Build.0 = Debug|Any CPU
		{A725517E-574B-E4CD-91F8-988EAEC7BE16}.Release|Any CPU.ActiveCfg = Release|Any CPU
		{A725517E-574B-E4CD-91F8-988EAEC7BE16}.Release|Any CPU.Build.0 = Release|Any CPU
		{7A337A3B-10D5-CAA7-DA6C-F66105185E7C}.Debug|Any CPU.ActiveCfg = Debug|Any CPU
		{7A337A3B-10D5-CAA7-DA6C-F66105185E7C}.Debug|Any CPU.Build.0 = Debug|Any CPU
		{7A337A3B-10D5-CAA7-DA6C-F66105185E7C}.Release|Any CPU.ActiveCfg = Release|Any CPU
		{7A337A3B-10D5-CAA7-DA6C-F66105185E7C}.Release|Any CPU.Build.0 = Release|Any CPU
	EndGlobalSection
	GlobalSection(SolutionProperties) = preSolution
		HideSolutionNode = FALSE
	EndGlobalSection
	GlobalSection(NestedProjects) = preSolution
		{3D3F0D9B-5067-CE60-2D55-743A222468EC} = {827E0CD3-B72D-47B6-A68D-7590B98EB39B}
		{7F821484-D9F9-0F00-28BF-431B15169F0D} = {827E0CD3-B72D-47B6-A68D-7590B98EB39B}
		{B5746BA7-5924-C82E-A423-838357D183A0} = {0AB3BF05-4346-4AA6-1389-037BE0695223}
		{62CB5DD8-7D9D-76DC-DD6C-2987D16DEAFE} = {827E0CD3-B72D-47B6-A68D-7590B98EB39B}
		{44CD678E-C602-506D-2A42-B652F4658458} = {62CB5DD8-7D9D-76DC-DD6C-2987D16DEAFE}
		{729C7BF0-D36D-0275-55C7-C234684E7161} = {62CB5DD8-7D9D-76DC-DD6C-2987D16DEAFE}
		{4FD22FD2-277A-EF23-B367-593AFE508913} = {827E0CD3-B72D-47B6-A68D-7590B98EB39B}
		{69CD5F45-84D7-8082-EE5B-20D12D9C147D} = {4FD22FD2-277A-EF23-B367-593AFE508913}
		{A725517E-574B-E4CD-91F8-988EAEC7BE16} = {4FD22FD2-277A-EF23-B367-593AFE508913}
		{7A337A3B-10D5-CAA7-DA6C-F66105185E7C} = {4FD22FD2-277A-EF23-B367-593AFE508913}
	EndGlobalSection
	GlobalSection(ExtensibilityGlobals) = postSolution
		SolutionGuid = {3FF54C92-2630-44D7-B819-AD91C2B3A1E2}
	EndGlobalSection
EndGlobal
